lockVersion: 2.0.0
id: 998a101f-1cb6-4c08-9fd1-b3ee7a1cdeb4
management:
  docChecksum: ba0b634f013b3a51aada11726ca60e99
  docVersion: 0.0.1
  speakeasyVersion: 1.358.0
  generationVersion: 2.390.6
  releaseVersion: 0.9.0
  configChecksum: 0785f5ecc2d3b5aac64f1faf4706b573
  repoURL: https://github.com/epilot-dev/terraform-provider-epilot-designbuilder.git
  repoSubDirectory: .
  published: true
features:
  terraform:
    additionalDependencies: 0.1.0
    core: 3.24.6
    envVarSecurityUsage: 0.1.0
    globalSecurity: 2.81.8
    globalServerURLs: 2.82.1
    typeOverrides: 2.81.1
generatedFiles:
  - internal/sdk/sdk.go
  - internal/sdk/models/errors/sdkerror.go
  - internal/sdk/retry/config.go
  - internal/sdk/types/bigint.go
  - internal/sdk/types/date.go
  - internal/sdk/types/datetime.go
  - internal/sdk/types/decimal.go
  - internal/sdk/types/pointers.go
  - internal/sdk/internal/utils/contenttype.go
  - internal/sdk/internal/utils/form.go
  - internal/sdk/internal/utils/headers.go
  - internal/sdk/internal/utils/json.go
  - internal/sdk/internal/utils/pathparams.go
  - internal/sdk/internal/utils/queryparams.go
  - internal/sdk/internal/utils/requestbody.go
  - internal/sdk/internal/utils/retries.go
  - internal/sdk/internal/utils/security.go
  - internal/sdk/internal/utils/utils.go
  - internal/sdk/models/operations/adddesign.go
  - internal/sdk/models/operations/deletedesign.go
  - internal/sdk/models/operations/getalldesigns.go
  - internal/sdk/models/operations/getdesign.go
  - internal/sdk/models/operations/updatedesign.go
  - internal/sdk/models/shared/errorresp.go
  - internal/sdk/models/shared/adddesignres.go
  - internal/sdk/models/shared/adddesignreq.go
  - internal/sdk/models/shared/getalldesignsres.go
  - internal/sdk/models/shared/getdesignres.go
  - internal/sdk/models/shared/updatedesignreq.go
  - internal/sdk/models/shared/security.go
  - internal/sdk/.gitignore
  - internal/sdk/models/operations/options.go
  - internal/sdk/.gitattributes
  - internal/sdk/internal/hooks/hooks.go
  - internal/sdk/CONTRIBUTING.md
  - examples/README.md
  - go.mod
  - go.sum
  - internal/planmodifiers/boolplanmodifier/suppress_diff.go
  - internal/planmodifiers/float64planmodifier/suppress_diff.go
  - internal/planmodifiers/int64planmodifier/suppress_diff.go
  - internal/planmodifiers/listplanmodifier/suppress_diff.go
  - internal/planmodifiers/mapplanmodifier/suppress_diff.go
  - internal/planmodifiers/numberplanmodifier/suppress_diff.go
  - internal/planmodifiers/objectplanmodifier/suppress_diff.go
  - internal/planmodifiers/setplanmodifier/suppress_diff.go
  - internal/planmodifiers/stringplanmodifier/suppress_diff.go
  - internal/planmodifiers/utils/state_check.go
  - internal/provider/reflect/diags.go
  - internal/provider/reflect/doc.go
  - internal/provider/reflect/generic_attr_value.go
  - internal/provider/reflect/helpers.go
  - internal/provider/reflect/interfaces.go
  - internal/provider/reflect/into.go
  - internal/provider/reflect/map.go
  - internal/provider/reflect/number.go
  - internal/provider/reflect/options.go
  - internal/provider/reflect/outof.go
  - internal/provider/reflect/pointer.go
  - internal/provider/reflect/primitive.go
  - internal/provider/reflect/slice.go
  - internal/provider/reflect/struct.go
  - internal/provider/utils.go
  - internal/validators/DateValidator.go
  - internal/validators/ExactlyOneChild.go
  - internal/validators/JSONParseValidator.go
  - internal/validators/RFC3339Validator.go
  - internal/validators/boolvalidators/not_null.go
  - internal/validators/float64validators/not_null.go
  - internal/validators/int64validators/not_null.go
  - internal/validators/listvalidators/not_null.go
  - internal/validators/mapvalidators/not_null.go
  - internal/validators/numbervalidators/not_null.go
  - internal/validators/objectvalidators/not_null.go
  - internal/validators/setvalidators/not_null.go
  - internal/validators/stringvalidators/not_null.go
  - main.go
  - terraform-registry-manifest.json
  - tools/tools.go
  - internal/provider/types/user.go
  - USAGE.md
  - internal/provider/provider.go
  - examples/provider/provider.tf
  - examples/resources/epilot-designbuilder_design/import.sh
  - internal/provider/design_resource.go
  - internal/provider/design_resource_sdk.go
  - examples/resources/epilot-designbuilder_design/resource.tf
  - internal/provider/design_data_source.go
  - internal/provider/design_data_source_sdk.go
  - examples/data-sources/epilot-designbuilder_design/data-source.tf
  - .gitattributes
  - CONTRIBUTING.md
