lockVersion: 2.0.0
id: 998a101f-1cb6-4c08-9fd1-b3ee7a1cdeb4
management:
  docChecksum: 6dcb36d11a3cf79a647a73931910f043
  docVersion: 0.0.1
  speakeasyVersion: 1.366.0
  generationVersion: 2.396.0
  releaseVersion: 0.13.1
  configChecksum: 301649ce67509ec63f4a79ab0c2dee4c
  repoURL: https://github.com/epilot-dev/terraform-provider-epilot-designbuilder.git
features:
  terraform:
    additionalDependencies: 0.1.0
    core: 3.24.6
    deprecations: 2.81.1
    envVarSecurityUsage: 0.1.0
    globalSecurity: 2.81.8
    globalServerURLs: 2.82.1
    retries: 2.81.1
    typeOverrides: 2.81.1
generatedFiles:
  - internal/sdk/designbuilder.go
  - internal/sdk/sdk.go
  - internal/sdk/models/errors/sdkerror.go
  - internal/sdk/retry/config.go
  - internal/sdk/types/bigint.go
  - internal/sdk/types/date.go
  - internal/sdk/types/datetime.go
  - internal/sdk/types/decimal.go
  - internal/sdk/types/pointers.go
  - internal/sdk/internal/utils/contenttype.go
  - internal/sdk/internal/utils/form.go
  - internal/sdk/internal/utils/headers.go
  - internal/sdk/internal/utils/json.go
  - internal/sdk/internal/utils/pathparams.go
  - internal/sdk/internal/utils/queryparams.go
  - internal/sdk/internal/utils/requestbody.go
  - internal/sdk/internal/utils/retries.go
  - internal/sdk/internal/utils/security.go
  - internal/sdk/internal/utils/utils.go
  - internal/sdk/models/operations/addconsumer.go
  - internal/sdk/models/operations/adddesign.go
  - internal/sdk/models/operations/deletedesign.go
  - internal/sdk/models/operations/getalldesigns.go
  - internal/sdk/models/operations/getbrands.go
  - internal/sdk/models/operations/getconsumerdesign.go
  - internal/sdk/models/operations/getdesign.go
  - internal/sdk/models/operations/getfiles.go
  - internal/sdk/models/operations/getlimit.go
  - internal/sdk/models/operations/getthemefromdesign.go
  - internal/sdk/models/operations/removeconsumer.go
  - internal/sdk/models/operations/updatedesign.go
  - internal/sdk/models/shared/errorresp.go
  - internal/sdk/models/shared/addconsumerreq.go
  - internal/sdk/models/shared/adddesignres.go
  - internal/sdk/models/shared/adddesignreq.go
  - internal/sdk/models/shared/getalldesignsres.go
  - internal/sdk/models/shared/getbrandsres.go
  - internal/sdk/models/shared/branditem.go
  - internal/sdk/models/shared/getdesignres.go
  - internal/sdk/models/shared/filedata.go
  - internal/sdk/models/shared/updatedesignreq.go
  - internal/sdk/models/shared/security.go
  - internal/sdk/models/operations/options.go
  - internal/sdk/.gitattributes
  - internal/sdk/internal/hooks/hooks.go
  - examples/README.md
  - go.mod
  - go.sum
  - internal/planmodifiers/boolplanmodifier/suppress_diff.go
  - internal/planmodifiers/float64planmodifier/suppress_diff.go
  - internal/planmodifiers/int64planmodifier/suppress_diff.go
  - internal/planmodifiers/listplanmodifier/suppress_diff.go
  - internal/planmodifiers/mapplanmodifier/suppress_diff.go
  - internal/planmodifiers/numberplanmodifier/suppress_diff.go
  - internal/planmodifiers/objectplanmodifier/suppress_diff.go
  - internal/planmodifiers/setplanmodifier/suppress_diff.go
  - internal/planmodifiers/stringplanmodifier/suppress_diff.go
  - internal/planmodifiers/utils/state_check.go
  - internal/provider/reflect/diags.go
  - internal/provider/reflect/doc.go
  - internal/provider/reflect/generic_attr_value.go
  - internal/provider/reflect/helpers.go
  - internal/provider/reflect/interfaces.go
  - internal/provider/reflect/into.go
  - internal/provider/reflect/map.go
  - internal/provider/reflect/number.go
  - internal/provider/reflect/options.go
  - internal/provider/reflect/outof.go
  - internal/provider/reflect/pointer.go
  - internal/provider/reflect/primitive.go
  - internal/provider/reflect/slice.go
  - internal/provider/reflect/struct.go
  - internal/provider/utils.go
  - internal/validators/DateValidator.go
  - internal/validators/ExactlyOneChild.go
  - internal/validators/JSONParseValidator.go
  - internal/validators/RFC3339Validator.go
  - internal/validators/boolvalidators/not_null.go
  - internal/validators/float64validators/not_null.go
  - internal/validators/int64validators/not_null.go
  - internal/validators/listvalidators/not_null.go
  - internal/validators/mapvalidators/not_null.go
  - internal/validators/numbervalidators/not_null.go
  - internal/validators/objectvalidators/not_null.go
  - internal/validators/setvalidators/not_null.go
  - internal/validators/stringvalidators/not_null.go
  - main.go
  - terraform-registry-manifest.json
  - tools/tools.go
  - internal/provider/types/user.go
  - USAGE.md
  - internal/provider/provider.go
  - examples/provider/provider.tf
  - examples/resources/epilot-designbuilder_design/import.sh
  - internal/provider/design_resource.go
  - internal/provider/design_resource_sdk.go
  - examples/resources/epilot-designbuilder_design/resource.tf
  - internal/provider/design_data_source.go
  - internal/provider/design_data_source_sdk.go
  - examples/data-sources/epilot-designbuilder_design/data-source.tf
  - .gitattributes
examples:
  addConsumer:
    "":
      parameters:
        path:
          application: journey
          designId: 4a062990-a6a3-11eb-9828-4f3da7d4935a
      requestBody:
        application/json:
          consumer_id: <id>
          consumer_name: <value>
  addDesign:
    speakeasy-default-add-design:
      requestBody:
        application/json:
          design:
            style:
              consumer:
                customer_portals:
                  - id: <id>
                    name: <value>
                widgets:
                  - id: <id>
                    name: <value>
                  - id: <id>
                    name: <value>
                  - id: <id>
                    name: <value>
              palette:
                background: <value>
                error: <value>
                navbar: <value>
                paper: <value>
                primary: <value>
                secondary: <value>
              typography:
                font:
                  font_id: <id>
                  font_name: <value>
                  urls:
                    - {}
                    - {}
                primary: <value>
                secondary: <value>
            style_name: <value>
      responses:
        "201":
          application/json:
            design:
              created_at: "2021-01-30T08:30:00Z"
              edited: true
              style:
                consumer:
                  customer_portals:
                    - id: <id>
                      name: <value>
                    - id: <id>
                      name: <value>
                    - id: <id>
                      name: <value>
                  widgets:
                    - id: <id>
                      name: <value>
                    - id: <id>
                      name: <value>
                palette:
                  background: <value>
                  error: <value>
                  navbar: <value>
                  paper: <value>
                  primary: <value>
                  secondary: <value>
                typography:
                  font:
                    font_id: <id>
                    font_name: <value>
                    urls:
                      - {}
                  primary: <value>
                  secondary: <value>
              style_name: <value>
        "400":
          application/json: {}
        "500":
          application/json: {}
  deleteDesign:
    "":
      parameters:
        path:
          designId: 4a062990-a6a3-11eb-9828-4f3da7d4935a
  getAllDesigns:
    speakeasy-default-get-all-designs:
      responses:
        "200":
          application/json:
            - designs:
                - created_at: "2021-01-30T08:30:00Z"
                  edited: true
                  style:
                    consumer:
                      customer_portals:
                        - id: <id>
                          name: <value>
                      widgets: []
                    palette:
                      background: <value>
                      error: <value>
                      navbar: <value>
                      paper: <value>
                      primary: <value>
                      secondary: <value>
                    typography:
                      font:
                        font_id: <id>
                        font_name: <value>
                        urls:
                          - {}
                      primary: <value>
                      secondary: <value>
                  style_name: <value>
        "500":
          application/json: {}
  getBrands:
    speakeasy-default-get-brands:
      responses:
        "200":
          application/json:
            - {}
        "500":
          application/json: {}
  getConsumerDesign:
    "":
      parameters:
        path:
          application: journey
          consumerId: 4a062990-a6a3-11eb-9828-4f3da7d4935a
      responses:
        "200":
          application/json:
            design:
              created_at: "2021-01-30T08:30:00Z"
              edited: false
              style:
                consumer:
                  customer_portals:
                    - id: <id>
                      name: <value>
                    - id: <id>
                      name: <value>
                  widgets:
                    - id: <id>
                      name: <value>
                    - id: <id>
                      name: <value>
                palette:
                  background: <value>
                  error: <value>
                  navbar: <value>
                  paper: <value>
                  primary: <value>
                  secondary: <value>
                typography:
                  font:
                    font_id: <id>
                    font_name: <value>
                    urls: []
                  primary: <value>
                  secondary: <value>
              style_name: <value>
        "400": {}
        "500": {}
  getDesign:
    "":
      parameters:
        path:
          designId: 4a062990-a6a3-11eb-9828-4f3da7d4935a
      responses:
        "200":
          application/json:
            design:
              created_at: "2021-01-30T08:30:00Z"
              edited: false
              style:
                consumer:
                  customer_portals:
                    - id: <id>
                      name: <value>
                    - id: <id>
                      name: <value>
                    - id: <id>
                      name: <value>
                  widgets:
                    - id: <id>
                      name: <value>
                    - id: <id>
                      name: <value>
                palette:
                  background: <value>
                  error: <value>
                  navbar: <value>
                  paper: <value>
                  primary: <value>
                  secondary: <value>
                typography:
                  font:
                    font_id: <id>
                    font_name: <value>
                    urls: []
                  primary: <value>
                  secondary: <value>
              style_name: <value>
        "400": {}
        "500": {}
  getFiles:
    "":
      parameters:
        query:
          type: LOGO
      responses:
        "200":
          application/json:
            - name: <value>
              s3_object_key: <value>
              url: https://nifty-squid.info
            - name: <value>
              s3_object_key: <value>
              url: https://next-cinema.name/
        "400": {}
        "500": {}
  getLimit:
    speakeasy-default-get-limit:
      responses:
        "200":
          application/json: 8111.85
        "500":
          application/json: {}
  getThemeFromDesign:
    "":
      parameters:
        path:
          designId: 4a062990-a6a3-11eb-9828-4f3da7d4935a
        query:
          theme: NEW
  removeConsumer:
    "":
      parameters:
        path:
          application: journey
          designId: 4a062990-a6a3-11eb-9828-4f3da7d4935a
      requestBody:
        application/json:
          consumer_id: <id>
          consumer_name: <value>
  updateDesign:
    "":
      parameters:
        path:
          designId: 4a062990-a6a3-11eb-9828-4f3da7d4935a
      requestBody:
        application/json:
          design:
            style:
              consumer:
                customer_portals:
                  - id: <id>
                    name: <value>
                widgets:
                  - id: <id>
                    name: <value>
              palette:
                background: <value>
                error: <value>
                navbar: <value>
                paper: <value>
                primary: <value>
                secondary: <value>
              typography:
                font:
                  font_id: <id>
                  font_name: <value>
                  urls: []
                primary: <value>
                secondary: <value>
            style_name: <value>
examplesVersion: 1.0.0
generatedTests: {}
