speakeasyVersion: 1.789.0
sources:
    my-source:
        sourceNamespace: my-source
        sourceRevisionDigest: sha256:f6eede893795eda01e79d761de802180306118f116883690871df78f025b8ad3
        sourceBlobDigest: sha256:e4cd1f4c0f65445e5293ca92e851cc0162f51f5ad54a3e6dc82452ef80080a3f
        tags:
            - latest
            - 0.0.3
targets:
    terraform:
        source: my-source
        sourceNamespace: my-source
        sourceRevisionDigest: sha256:f6eede893795eda01e79d761de802180306118f116883690871df78f025b8ad3
        sourceBlobDigest: sha256:e4cd1f4c0f65445e5293ca92e851cc0162f51f5ad54a3e6dc82452ef80080a3f
workflow:
    workflowVersion: 1.0.0
    speakeasyVersion: latest
    sources:
        my-source:
            inputs:
                - location: https://docs.api.epilot.io/design-builder-api.yaml
            overlays:
                - location: overlay.yaml
            registry:
                location: registry.speakeasyapi.dev/epilot/epilot/my-source
    targets:
        terraform:
            target: terraform
            source: my-source
